
Microsoft Visual Studio Solution File, Format Version 12.00
# Visual Studio Version 17
VisualStudioVersion = 17.3.32811.315
MinimumVisualStudioVersion = 10.0.40219.1
Project("{2150E333-8FDC-42A3-9474-1A3956D46DE8}") = "0 - UI", "0 - UI", "{1FB0351B-CDF3-4C35-ADF1-3C80D0B62076}"
EndProject
Project("{2150E333-8FDC-42A3-9474-1A3956D46DE8}") = "1 - Domain", "1 - Domain", "{18640EB6-50AC-42D8-9D63-8C31BE3F054E}"
EndProject
Project("{2150E333-8FDC-42A3-9474-1A3956D46DE8}") = "2 - CrossCutting", "2 - CrossCutting", "{1FEAC968-3645-40C8-AE76-07A7176E996E}"
EndProject
Project("{FAE04EC0-301F-11D3-BF4B-00C04F79EFBC}") = "CMA.CQRS.CrossCutting.MemoryBus", "CMA.CQRS.CrossCutting.MemoryBus\CMA.CQRS.CrossCutting.MemoryBus.csproj", "{F251C92B-E0A3-49F1-91DE-456F89AF8502}"
EndProject
Project("{FAE04EC0-301F-11D3-BF4B-00C04F79EFBC}") = "CMA.CQRS.Domain", "CMA.CQRS.Domain\CMA.CQRS.Domain.csproj", "{8A683C73-5102-4CB4-AA18-3D7159B71C7A}"
EndProject
Project("{FAE04EC0-301F-11D3-BF4B-00C04F79EFBC}") = "CMA.CQRS.CrossCutting.Notifier", "CMA.CQRS.CrossCutting.Notifier\CMA.CQRS.CrossCutting.Notifier.csproj", "{5BA87549-5ADD-4780-84BA-218D2F5ADEFD}"
EndProject
Project("{FAE04EC0-301F-11D3-BF4B-00C04F79EFBC}") = "CMA.CQRS.API", "CMA.CQRS.API\CMA.CQRS.API.csproj", "{F3D5F4F0-088C-411F-9387-7C03BEF9C390}"
EndProject
Project("{FAE04EC0-301F-11D3-BF4B-00C04F79EFBC}") = "CMA.CQRS.CrossCutting.EventStore", "CMA.CQRS.CrossCutting.EventStore\CMA.CQRS.CrossCutting.EventStore.csproj", "{BE1D4E8B-FC5A-4EBF-A065-7134D62C40B0}"
EndProject
Global
	GlobalSection(SolutionConfigurationPlatforms) = preSolution
		Debug|Any CPU = Debug|Any CPU
		Release|Any CPU = Release|Any CPU
	EndGlobalSection
	GlobalSection(ProjectConfigurationPlatforms) = postSolution
		{F251C92B-E0A3-49F1-91DE-456F89AF8502}.Debug|Any CPU.ActiveCfg = Debug|Any CPU
		{F251C92B-E0A3-49F1-91DE-456F89AF8502}.Debug|Any CPU.Build.0 = Debug|Any CPU
		{F251C92B-E0A3-49F1-91DE-456F89AF8502}.Release|Any CPU.ActiveCfg = Release|Any CPU
		{F251C92B-E0A3-49F1-91DE-456F89AF8502}.Release|Any CPU.Build.0 = Release|Any CPU
		{8A683C73-5102-4CB4-AA18-3D7159B71C7A}.Debug|Any CPU.ActiveCfg = Debug|Any CPU
		{8A683C73-5102-4CB4-AA18-3D7159B71C7A}.Debug|Any CPU.Build.0 = Debug|Any CPU
		{8A683C73-5102-4CB4-AA18-3D7159B71C7A}.Release|Any CPU.ActiveCfg = Release|Any CPU
		{8A683C73-5102-4CB4-AA18-3D7159B71C7A}.Release|Any CPU.Build.0 = Release|Any CPU
		{5BA87549-5ADD-4780-84BA-218D2F5ADEFD}.Debug|Any CPU.ActiveCfg = Debug|Any CPU
		{5BA87549-5ADD-4780-84BA-218D2F5ADEFD}.Debug|Any CPU.Build.0 = Debug|Any CPU
		{5BA87549-5ADD-4780-84BA-218D2F5ADEFD}.Release|Any CPU.ActiveCfg = Release|Any CPU
		{5BA87549-5ADD-4780-84BA-218D2F5ADEFD}.Release|Any CPU.Build.0 = Release|Any CPU
		{F3D5F4F0-088C-411F-9387-7C03BEF9C390}.Debug|Any CPU.ActiveCfg = Debug|Any CPU
		{F3D5F4F0-088C-411F-9387-7C03BEF9C390}.Debug|Any CPU.Build.0 = Debug|Any CPU
		{F3D5F4F0-088C-411F-9387-7C03BEF9C390}.Release|Any CPU.ActiveCfg = Release|Any CPU
		{F3D5F4F0-088C-411F-9387-7C03BEF9C390}.Release|Any CPU.Build.0 = Release|Any CPU
		{BE1D4E8B-FC5A-4EBF-A065-7134D62C40B0}.Debug|Any CPU.ActiveCfg = Debug|Any CPU
		{BE1D4E8B-FC5A-4EBF-A065-7134D62C40B0}.Debug|Any CPU.Build.0 = Debug|Any CPU
		{BE1D4E8B-FC5A-4EBF-A065-7134D62C40B0}.Release|Any CPU.ActiveCfg = Release|Any CPU
		{BE1D4E8B-FC5A-4EBF-A065-7134D62C40B0}.Release|Any CPU.Build.0 = Release|Any CPU
	EndGlobalSection
	GlobalSection(SolutionProperties) = preSolution
		HideSolutionNode = FALSE
	EndGlobalSection
	GlobalSection(NestedProjects) = preSolution
		{F251C92B-E0A3-49F1-91DE-456F89AF8502} = {1FEAC968-3645-40C8-AE76-07A7176E996E}
		{8A683C73-5102-4CB4-AA18-3D7159B71C7A} = {18640EB6-50AC-42D8-9D63-8C31BE3F054E}
		{5BA87549-5ADD-4780-84BA-218D2F5ADEFD} = {1FEAC968-3645-40C8-AE76-07A7176E996E}
		{F3D5F4F0-088C-411F-9387-7C03BEF9C390} = {1FB0351B-CDF3-4C35-ADF1-3C80D0B62076}
		{BE1D4E8B-FC5A-4EBF-A065-7134D62C40B0} = {1FEAC968-3645-40C8-AE76-07A7176E996E}
	EndGlobalSection
	GlobalSection(ExtensibilityGlobals) = postSolution
		SolutionGuid = {BFBE4CCA-B493-429F-A882-EBFE1CA4F682}
	EndGlobalSection
EndGlobal
